
Microsoft Visual Studio Solution File, Format Version 12.00
# Visual Studio 15
VisualStudioVersion = 15.0.28307.271
MinimumVisualStudioVersion = 10.0.40219.1
Project("{FAE04EC0-301F-11D3-BF4B-00C04F79EFBC}") = "LambdaExpressionBookExample", "LambdaExpression\LambdaExpressionBookExample.csproj", "{37E9E087-695C-4E66-B257-5E6EA48848D1}"
EndProject
Global
	GlobalSection(SolutionConfigurationPlatforms) = preSolution
		Debug|Any CPU = Debug|Any CPU
		Release|Any CPU = Release|Any CPU
	EndGlobalSection
	GlobalSection(ProjectConfigurationPlatforms) = postSolution
		{37E9E087-695C-4E66-B257-5E6EA48848D1}.Debug|Any CPU.ActiveCfg = Debug|Any CPU
		{37E9E087-695C-4E66-B257-5E6EA48848D1}.Debug|Any CPU.Build.0 = Debug|Any CPU
		{37E9E087-695C-4E66-B257-5E6EA48848D1}.Release|Any CPU.ActiveCfg = Release|Any CPU
		{37E9E087-695C-4E66-B257-5E6EA48848D1}.Release|Any CPU.Build.0 = Release|Any CPU
	EndGlobalSection
	GlobalSection(SolutionProperties) = preSolution
		HideSolutionNode = FALSE
	EndGlobalSection
	GlobalSection(ExtensibilityGlobals) = postSolution
		SolutionGuid = {FD0302B3-0AC3-467D-A957-4ADF6D33F51D}
	EndGlobalSection
EndGlobal
